
Microsoft Visual Studio Solution File, Format Version 12.00
# Visual Studio Version 17
VisualStudioVersion = 17.9.34701.34
MinimumVisualStudioVersion = 10.0.40219.1
Project("{FAE04EC0-301F-11D3-BF4B-00C04F79EFBC}") = "AnyarWeb", "AnyarWeb\AnyarWeb.csproj", "{FDD1C960-6B4D-4EE5-AC55-A64EC9717F4B}"
EndProject
Global
	GlobalSection(SolutionConfigurationPlatforms) = preSolution
		Debug|Any CPU = Debug|Any CPU
		Release|Any CPU = Release|Any CPU
	EndGlobalSection
	GlobalSection(ProjectConfigurationPlatforms) = postSolution
		{FDD1C960-6B4D-4EE5-AC55-A64EC9717F4B}.Debug|Any CPU.ActiveCfg = Debug|Any CPU
		{FDD1C960-6B4D-4EE5-AC55-A64EC9717F4B}.Debug|Any CPU.Build.0 = Debug|Any CPU
		{FDD1C960-6B4D-4EE5-AC55-A64EC9717F4B}.Release|Any CPU.ActiveCfg = Release|Any CPU
		{FDD1C960-6B4D-4EE5-AC55-A64EC9717F4B}.Release|Any CPU.Build.0 = Release|Any CPU
	EndGlobalSection
	GlobalSection(SolutionProperties) = preSolution
		HideSolutionNode = FALSE
	EndGlobalSection
	GlobalSection(ExtensibilityGlobals) = postSolution
		SolutionGuid = {3A5F9F0A-7FD5-435E-BA7A-12199413FFCE}
	EndGlobalSection
EndGlobal
